// !$*UTF8*$!
{
	archiveVersion = 1;
	classes = {
	};
	objectVersion = 50;
	objects = {

/* Begin PBXBuildFile section */
		84CE6E4F212C982F00D2E4A7 /* AppDelegate.swift in Sources */ = {isa = PBXBuildFile; fileRef = 84CE6E4E212C982F00D2E4A7 /* AppDelegate.swift */; };
		84CE6E51212C982F00D2E4A7 /* ViewController.swift in Sources */ = {isa = PBXBuildFile; fileRef = 84CE6E50212C982F00D2E4A7 /* ViewController.swift */; };
		84CE6E54212C982F00D2E4A7 /* Main.storyboard in Resources */ = {isa = PBXBuildFile; fileRef = 84CE6E52212C982F00D2E4A7 /* Main.storyboard */; };
		84CE6E56212C982F00D2E4A7 /* Assets.xcassets in Resources */ = {isa = PBXBuildFile; fileRef = 84CE6E55212C982F00D2E4A7 /* Assets.xcassets */; };
		84CE6E59212C982F00D2E4A7 /* LaunchScreen.storyboard in Resources */ = {isa = PBXBuildFile; fileRef = 84CE6E57212C982F00D2E4A7 /* LaunchScreen.storyboard */; };
		84CE6E69212C98FD00D2E4A7 /* WalkthroughController.swift in Sources */ = {isa = PBXBuildFile; fileRef = 84CE6E68212C98FD00D2E4A7 /* WalkthroughController.swift */; };
		84CE6E6C212C9A0A00D2E4A7 /* WalkThroughViewModel.swift in Sources */ = {isa = PBXBuildFile; fileRef = 84CE6E6B212C9A0A00D2E4A7 /* WalkThroughViewModel.swift */; };
		84CE6E6F212CA0D800D2E4A7 /* NetworkFacade.swift in Sources */ = {isa = PBXBuildFile; fileRef = 84CE6E6E212CA0D800D2E4A7 /* NetworkFacade.swift */; };
		84CE6E71212CA0E600D2E4A7 /* WeatherFetcher.swift in Sources */ = {isa = PBXBuildFile; fileRef = 84CE6E70212CA0E600D2E4A7 /* WeatherFetcher.swift */; };
		84CE6E77212CA4A000D2E4A7 /* RequestBuilder.swift in Sources */ = {isa = PBXBuildFile; fileRef = 84CE6E76212CA4A000D2E4A7 /* RequestBuilder.swift */; };
		84CE6E79212CAD4800D2E4A7 /* URLBuilder.swift in Sources */ = {isa = PBXBuildFile; fileRef = 84CE6E78212CAD4800D2E4A7 /* URLBuilder.swift */; };
		84CE6E7B212CB1F300D2E4A7 /* URLConstructible.swift in Sources */ = {isa = PBXBuildFile; fileRef = 84CE6E7A212CB1F300D2E4A7 /* URLConstructible.swift */; };
		84CE6E7D212CB54500D2E4A7 /* Default-568h@2x.png in Resources */ = {isa = PBXBuildFile; fileRef = 84CE6E7C212CB54500D2E4A7 /* Default-568h@2x.png */; };
		84CE6E7F212CBE2900D2E4A7 /* WeatherPresentationViewModel.swift in Sources */ = {isa = PBXBuildFile; fileRef = 84CE6E7E212CBE2900D2E4A7 /* WeatherPresentationViewModel.swift */; };
		84CE6E81212E238C00D2E4A7 /* AuthTokenFetcher.swift in Sources */ = {isa = PBXBuildFile; fileRef = 84CE6E80212E238C00D2E4A7 /* AuthTokenFetcher.swift */; };
		84CE6E83212E248E00D2E4A7 /* NetworkConstants.swift in Sources */ = {isa = PBXBuildFile; fileRef = 84CE6E82212E248E00D2E4A7 /* NetworkConstants.swift */; };
		84CE6E86212E26F900D2E4A7 /* SettingsController.swift in Sources */ = {isa = PBXBuildFile; fileRef = 84CE6E85212E26F900D2E4A7 /* SettingsController.swift */; };
		84CE6E88212E271C00D2E4A7 /* UIView+Helpers.swift in Sources */ = {isa = PBXBuildFile; fileRef = 84CE6E87212E271C00D2E4A7 /* UIView+Helpers.swift */; };
		84CE6E8A212E33FD00D2E4A7 /* WeatherForecast.swift in Sources */ = {isa = PBXBuildFile; fileRef = 84CE6E89212E33FD00D2E4A7 /* WeatherForecast.swift */; };
		84CE6E8C212E392500D2E4A7 /* WeatherDay.swift in Sources */ = {isa = PBXBuildFile; fileRef = 84CE6E8B212E392500D2E4A7 /* WeatherDay.swift */; };
		84CE6E8E212E413A00D2E4A7 /* City.swift in Sources */ = {isa = PBXBuildFile; fileRef = 84CE6E8D212E413A00D2E4A7 /* City.swift */; };
		84CE6E90212E421A00D2E4A7 /* Coordinate.swift in Sources */ = {isa = PBXBuildFile; fileRef = 84CE6E8F212E421A00D2E4A7 /* Coordinate.swift */; };
		84CE6E92212E44A500D2E4A7 /* WeatherMain.swift in Sources */ = {isa = PBXBuildFile; fileRef = 84CE6E91212E44A500D2E4A7 /* WeatherMain.swift */; };
		84CE6E94212E456400D2E4A7 /* Wind.swift in Sources */ = {isa = PBXBuildFile; fileRef = 84CE6E93212E456400D2E4A7 /* Wind.swift */; };
		84CE6E96212E464300D2E4A7 /* WeatherParts.swift in Sources */ = {isa = PBXBuildFile; fileRef = 84CE6E95212E464300D2E4A7 /* WeatherParts.swift */; };
		84CE6E9A212F619B00D2E4A7 /* HTTPResponseValidator.swift in Sources */ = {isa = PBXBuildFile; fileRef = 84CE6E99212F619B00D2E4A7 /* HTTPResponseValidator.swift */; };
		84CE6E9C212F65C700D2E4A7 /* WeatherPresentationDescribing.swift in Sources */ = {isa = PBXBuildFile; fileRef = 84CE6E9B212F65C700D2E4A7 /* WeatherPresentationDescribing.swift */; };
		84CE6E9E212FACAD00D2E4A7 /* WeatherError.swift in Sources */ = {isa = PBXBuildFile; fileRef = 84CE6E9D212FACAD00D2E4A7 /* WeatherError.swift */; };
		84CE6EA02130B19F00D2E4A7 /* NetworkErrors.swift in Sources */ = {isa = PBXBuildFile; fileRef = 84CE6E9F2130B19F00D2E4A7 /* NetworkErrors.swift */; };
		84CE6EA22130CE7700D2E4A7 /* WeatherPresentationAdapter.swift in Sources */ = {isa = PBXBuildFile; fileRef = 84CE6EA12130CE7700D2E4A7 /* WeatherPresentationAdapter.swift */; };
/* End PBXBuildFile section */

/* Begin PBXFileReference section */
		84CE6E4B212C982F00D2E4A7 /* WeatherMimic.app */ = {isa = PBXFileReference; explicitFileType = wrapper.application; includeInIndex = 0; path = WeatherMimic.app; sourceTree = BUILT_PRODUCTS_DIR; };
		84CE6E4E212C982F00D2E4A7 /* AppDelegate.swift */ = {isa = PBXFileReference; lastKnownFileType = sourcecode.swift; path = AppDelegate.swift; sourceTree = "<group>"; };
		84CE6E50212C982F00D2E4A7 /* ViewController.swift */ = {isa = PBXFileReference; lastKnownFileType = sourcecode.swift; path = ViewController.swift; sourceTree = "<group>"; };
		84CE6E53212C982F00D2E4A7 /* Base */ = {isa = PBXFileReference; lastKnownFileType = file.storyboard; name = Base; path = Base.lproj/Main.storyboard; sourceTree = "<group>"; };
		84CE6E55212C982F00D2E4A7 /* Assets.xcassets */ = {isa = PBXFileReference; lastKnownFileType = folder.assetcatalog; path = Assets.xcassets; sourceTree = "<group>"; };
		84CE6E58212C982F00D2E4A7 /* Base */ = {isa = PBXFileReference; lastKnownFileType = file.storyboard; name = Base; path = Base.lproj/LaunchScreen.storyboard; sourceTree = "<group>"; };
		84CE6E5A212C982F00D2E4A7 /* Info.plist */ = {isa = PBXFileReference; lastKnownFileType = text.plist.xml; path = Info.plist; sourceTree = "<group>"; };
		84CE6E68212C98FD00D2E4A7 /* WalkthroughController.swift */ = {isa = PBXFileReference; lastKnownFileType = sourcecode.swift; path = WalkthroughController.swift; sourceTree = "<group>"; };
		84CE6E6B212C9A0A00D2E4A7 /* WalkThroughViewModel.swift */ = {isa = PBXFileReference; lastKnownFileType = sourcecode.swift; path = WalkThroughViewModel.swift; sourceTree = "<group>"; };
		84CE6E6E212CA0D800D2E4A7 /* NetworkFacade.swift */ = {isa = PBXFileReference; lastKnownFileType = sourcecode.swift; path = NetworkFacade.swift; sourceTree = "<group>"; };
		84CE6E70212CA0E600D2E4A7 /* WeatherFetcher.swift */ = {isa = PBXFileReference; lastKnownFileType = sourcecode.swift; path = WeatherFetcher.swift; sourceTree = "<group>"; };
		84CE6E76212CA4A000D2E4A7 /* RequestBuilder.swift */ = {isa = PBXFileReference; lastKnownFileType = sourcecode.swift; path = RequestBuilder.swift; sourceTree = "<group>"; };
		84CE6E78212CAD4800D2E4A7 /* URLBuilder.swift */ = {isa = PBXFileReference; lastKnownFileType = sourcecode.swift; path = URLBuilder.swift; sourceTree = "<group>"; };
		84CE6E7A212CB1F300D2E4A7 /* URLConstructible.swift */ = {isa = PBXFileReference; lastKnownFileType = sourcecode.swift; path = URLConstructible.swift; sourceTree = "<group>"; };
		84CE6E7C212CB54500D2E4A7 /* Default-568h@2x.png */ = {isa = PBXFileReference; lastKnownFileType = image.png; path = "Default-568h@2x.png"; sourceTree = "<group>"; };
		84CE6E7E212CBE2900D2E4A7 /* WeatherPresentationViewModel.swift */ = {isa = PBXFileReference; lastKnownFileType = sourcecode.swift; path = WeatherPresentationViewModel.swift; sourceTree = "<group>"; };
		84CE6E80212E238C00D2E4A7 /* AuthTokenFetcher.swift */ = {isa = PBXFileReference; lastKnownFileType = sourcecode.swift; path = AuthTokenFetcher.swift; sourceTree = "<group>"; };
		84CE6E82212E248E00D2E4A7 /* NetworkConstants.swift */ = {isa = PBXFileReference; lastKnownFileType = sourcecode.swift; path = NetworkConstants.swift; sourceTree = "<group>"; };
		84CE6E85212E26F900D2E4A7 /* SettingsController.swift */ = {isa = PBXFileReference; lastKnownFileType = sourcecode.swift; path = SettingsController.swift; sourceTree = "<group>"; };
		84CE6E87212E271C00D2E4A7 /* UIView+Helpers.swift */ = {isa = PBXFileReference; lastKnownFileType = sourcecode.swift; path = "UIView+Helpers.swift"; sourceTree = "<group>"; };
		84CE6E89212E33FD00D2E4A7 /* WeatherForecast.swift */ = {isa = PBXFileReference; lastKnownFileType = sourcecode.swift; path = WeatherForecast.swift; sourceTree = "<group>"; };
		84CE6E8B212E392500D2E4A7 /* WeatherDay.swift */ = {isa = PBXFileReference; lastKnownFileType = sourcecode.swift; path = WeatherDay.swift; sourceTree = "<group>"; };
		84CE6E8D212E413A00D2E4A7 /* City.swift */ = {isa = PBXFileReference; lastKnownFileType = sourcecode.swift; path = City.swift; sourceTree = "<group>"; };
		84CE6E8F212E421A00D2E4A7 /* Coordinate.swift */ = {isa = PBXFileReference; lastKnownFileType = sourcecode.swift; path = Coordinate.swift; sourceTree = "<group>"; };
		84CE6E91212E44A500D2E4A7 /* WeatherMain.swift */ = {isa = PBXFileReference; lastKnownFileType = sourcecode.swift; path = WeatherMain.swift; sourceTree = "<group>"; };
		84CE6E93212E456400D2E4A7 /* Wind.swift */ = {isa = PBXFileReference; lastKnownFileType = sourcecode.swift; path = Wind.swift; sourceTree = "<group>"; };
		84CE6E95212E464300D2E4A7 /* WeatherParts.swift */ = {isa = PBXFileReference; lastKnownFileType = sourcecode.swift; path = WeatherParts.swift; sourceTree = "<group>"; };
		84CE6E99212F619B00D2E4A7 /* HTTPResponseValidator.swift */ = {isa = PBXFileReference; lastKnownFileType = sourcecode.swift; path = HTTPResponseValidator.swift; sourceTree = "<group>"; };
		84CE6E9B212F65C700D2E4A7 /* WeatherPresentationDescribing.swift */ = {isa = PBXFileReference; lastKnownFileType = sourcecode.swift; path = WeatherPresentationDescribing.swift; sourceTree = "<group>"; };
		84CE6E9D212FACAD00D2E4A7 /* WeatherError.swift */ = {isa = PBXFileReference; lastKnownFileType = sourcecode.swift; path = WeatherError.swift; sourceTree = "<group>"; };
		84CE6E9F2130B19F00D2E4A7 /* NetworkErrors.swift */ = {isa = PBXFileReference; lastKnownFileType = sourcecode.swift; path = NetworkErrors.swift; sourceTree = "<group>"; };
		84CE6EA12130CE7700D2E4A7 /* WeatherPresentationAdapter.swift */ = {isa = PBXFileReference; lastKnownFileType = sourcecode.swift; path = WeatherPresentationAdapter.swift; sourceTree = "<group>"; };
/* End PBXFileReference section */

/* Begin PBXFrameworksBuildPhase section */
		84CE6E48212C982F00D2E4A7 /* Frameworks */ = {
			isa = PBXFrameworksBuildPhase;
			buildActionMask = 2147483647;
			files = (
			);
			runOnlyForDeploymentPostprocessing = 0;
		};
/* End PBXFrameworksBuildPhase section */

/* Begin PBXGroup section */
		84CE6E42212C982F00D2E4A7 = {
			isa = PBXGroup;
			children = (
				84CE6E7C212CB54500D2E4A7 /* Default-568h@2x.png */,
				84CE6E4D212C982F00D2E4A7 /* WeatherMimic */,
				84CE6E4C212C982F00D2E4A7 /* Products */,
			);
			sourceTree = "<group>";
		};
		84CE6E4C212C982F00D2E4A7 /* Products */ = {
			isa = PBXGroup;
			children = (
				84CE6E4B212C982F00D2E4A7 /* WeatherMimic.app */,
			);
			name = Products;
			sourceTree = "<group>";
		};
		84CE6E4D212C982F00D2E4A7 /* WeatherMimic */ = {
			isa = PBXGroup;
			children = (
				84CE6E6D212CA0BF00D2E4A7 /* Networking */,
				84CE6E75212CA48300D2E4A7 /* RequestFactory */,
				84CE6E64212C986900D2E4A7 /* Utility */,
				84CE6E55212C982F00D2E4A7 /* Assets.xcassets */,
				84CE6E60212C983900D2E4A7 /* Model */,
				84CE6E62212C984700D2E4A7 /* Controller */,
				84CE6E61212C983D00D2E4A7 /* View */,
				84CE6E5A212C982F00D2E4A7 /* Info.plist */,
			);
			path = WeatherMimic;
			sourceTree = "<group>";
		};
		84CE6E60212C983900D2E4A7 /* Model */ = {
			isa = PBXGroup;
			children = (
				84CE6E73212CA1C600D2E4A7 /* Weather Models */,
				84CE6E72212CA1C100D2E4A7 /* Helper Models */,
			);
			path = Model;
			sourceTree = "<group>";
		};
		84CE6E61212C983D00D2E4A7 /* View */ = {
			isa = PBXGroup;
			children = (
				84CE6E57212C982F00D2E4A7 /* LaunchScreen.storyboard */,
				84CE6E52212C982F00D2E4A7 /* Main.storyboard */,
			);
			path = View;
			sourceTree = "<group>";
		};
		84CE6E62212C984700D2E4A7 /* Controller */ = {
			isa = PBXGroup;
			children = (
				84CE6E84212E26ED00D2E4A7 /* Settings */,
				84CE6E74212CA2D300D2E4A7 /* WeatherPresentation */,
				84CE6E6A212C99D900D2E4A7 /* Walkthrough */,
			);
			path = Controller;
			sourceTree = "<group>";
		};
		84CE6E64212C986900D2E4A7 /* Utility */ = {
			isa = PBXGroup;
			children = (
				84CE6E4E212C982F00D2E4A7 /* AppDelegate.swift */,
				84CE6E65212C987C00D2E4A7 /* Extensions */,
				84CE6EA12130CE7700D2E4A7 /* WeatherPresentationAdapter.swift */,
			);
			path = Utility;
			sourceTree = "<group>";
		};
		84CE6E65212C987C00D2E4A7 /* Extensions */ = {
			isa = PBXGroup;
			children = (
				84CE6E87212E271C00D2E4A7 /* UIView+Helpers.swift */,
			);
			path = Extensions;
			sourceTree = "<group>";
		};
		84CE6E6A212C99D900D2E4A7 /* Walkthrough */ = {
			isa = PBXGroup;
			children = (
				84CE6E68212C98FD00D2E4A7 /* WalkthroughController.swift */,
				84CE6E6B212C9A0A00D2E4A7 /* WalkThroughViewModel.swift */,
			);
			path = Walkthrough;
			sourceTree = "<group>";
		};
		84CE6E6D212CA0BF00D2E4A7 /* Networking */ = {
			isa = PBXGroup;
			children = (
				84CE6E82212E248E00D2E4A7 /* NetworkConstants.swift */,
				84CE6E6E212CA0D800D2E4A7 /* NetworkFacade.swift */,
				84CE6E9F2130B19F00D2E4A7 /* NetworkErrors.swift */,
				84CE6E80212E238C00D2E4A7 /* AuthTokenFetcher.swift */,
				84CE6E70212CA0E600D2E4A7 /* WeatherFetcher.swift */,
				84CE6E99212F619B00D2E4A7 /* HTTPResponseValidator.swift */,
			);
			path = Networking;
			sourceTree = "<group>";
		};
		84CE6E72212CA1C100D2E4A7 /* Helper Models */ = {
			isa = PBXGroup;
			children = (
				84CE6E7A212CB1F300D2E4A7 /* URLConstructible.swift */,
				84CE6E9B212F65C700D2E4A7 /* WeatherPresentationDescribing.swift */,
			);
			path = "Helper Models";
			sourceTree = "<group>";
		};
		84CE6E73212CA1C600D2E4A7 /* Weather Models */ = {
			isa = PBXGroup;
			children = (
				84CE6E8B212E392500D2E4A7 /* WeatherDay.swift */,
				84CE6E95212E464300D2E4A7 /* WeatherParts.swift */,
				84CE6E89212E33FD00D2E4A7 /* WeatherForecast.swift */,
				84CE6E8D212E413A00D2E4A7 /* City.swift */,
				84CE6E8F212E421A00D2E4A7 /* Coordinate.swift */,
				84CE6E91212E44A500D2E4A7 /* WeatherMain.swift */,
				84CE6E93212E456400D2E4A7 /* Wind.swift */,
				84CE6E9D212FACAD00D2E4A7 /* WeatherError.swift */,
			);
			path = "Weather Models";
			sourceTree = "<group>";
		};
		84CE6E74212CA2D300D2E4A7 /* WeatherPresentation */ = {
			isa = PBXGroup;
			children = (
				84CE6E50212C982F00D2E4A7 /* ViewController.swift */,
				84CE6E7E212CBE2900D2E4A7 /* WeatherPresentationViewModel.swift */,
			);
			path = WeatherPresentation;
			sourceTree = "<group>";
		};
		84CE6E75212CA48300D2E4A7 /* RequestFactory */ = {
			isa = PBXGroup;
			children = (
				84CE6E76212CA4A000D2E4A7 /* RequestBuilder.swift */,
				84CE6E78212CAD4800D2E4A7 /* URLBuilder.swift */,
			);
			path = RequestFactory;
			sourceTree = "<group>";
		};
		84CE6E84212E26ED00D2E4A7 /* Settings */ = {
			isa = PBXGroup;
			children = (
				84CE6E85212E26F900D2E4A7 /* SettingsController.swift */,
			);
			path = Settings;
			sourceTree = "<group>";
		};
/* End PBXGroup section */

/* Begin PBXNativeTarget section */
		84CE6E4A212C982F00D2E4A7 /* WeatherMimic */ = {
			isa = PBXNativeTarget;
			buildConfigurationList = 84CE6E5D212C982F00D2E4A7 /* Build configuration list for PBXNativeTarget "WeatherMimic" */;
			buildPhases = (
				84CE6E47212C982F00D2E4A7 /* Sources */,
				84CE6E48212C982F00D2E4A7 /* Frameworks */,
				84CE6E49212C982F00D2E4A7 /* Resources */,
			);
			buildRules = (
			);
			dependencies = (
			);
			name = WeatherMimic;
			productName = WeatherMimic;
			productReference = 84CE6E4B212C982F00D2E4A7 /* WeatherMimic.app */;
			productType = "com.apple.product-type.application";
		};
/* End PBXNativeTarget section */

/* Begin PBXProject section */
		84CE6E43212C982F00D2E4A7 /* Project object */ = {
			isa = PBXProject;
			attributes = {
				LastSwiftUpdateCheck = 0940;
				LastUpgradeCheck = 0940;
				ORGANIZATIONNAME = Admin;
				TargetAttributes = {
					84CE6E4A212C982F00D2E4A7 = {
						CreatedOnToolsVersion = 9.4;
					};
				};
			};
			buildConfigurationList = 84CE6E46212C982F00D2E4A7 /* Build configuration list for PBXProject "WeatherMimic" */;
			compatibilityVersion = "Xcode 9.3";
			developmentRegion = en;
			hasScannedForEncodings = 0;
			knownRegions = (
				en,
				Base,
			);
			mainGroup = 84CE6E42212C982F00D2E4A7;
			productRefGroup = 84CE6E4C212C982F00D2E4A7 /* Products */;
			projectDirPath = "";
			projectRoot = "";
			targets = (
				84CE6E4A212C982F00D2E4A7 /* WeatherMimic */,
			);
		};
/* End PBXProject section */

/* Begin PBXResourcesBuildPhase section */
		84CE6E49212C982F00D2E4A7 /* Resources */ = {
			isa = PBXResourcesBuildPhase;
			buildActionMask = 2147483647;
			files = (
				84CE6E59212C982F00D2E4A7 /* LaunchScreen.storyboard in Resources */,
				84CE6E7D212CB54500D2E4A7 /* Default-568h@2x.png in Resources */,
				84CE6E56212C982F00D2E4A7 /* Assets.xcassets in Resources */,
				84CE6E54212C982F00D2E4A7 /* Main.storyboard in Resources */,
			);
			runOnlyForDeploymentPostprocessing = 0;
		};
/* End PBXResourcesBuildPhase section */

/* Begin PBXSourcesBuildPhase section */
		84CE6E47212C982F00D2E4A7 /* Sources */ = {
			isa = PBXSourcesBuildPhase;
			buildActionMask = 2147483647;
			files = (
				84CE6E88212E271C00D2E4A7 /* UIView+Helpers.swift in Sources */,
				84CE6E9A212F619B00D2E4A7 /* HTTPResponseValidator.swift in Sources */,
				84CE6EA22130CE7700D2E4A7 /* WeatherPresentationAdapter.swift in Sources */,
				84CE6E83212E248E00D2E4A7 /* NetworkConstants.swift in Sources */,
				84CE6E69212C98FD00D2E4A7 /* WalkthroughController.swift in Sources */,
				84CE6E96212E464300D2E4A7 /* WeatherParts.swift in Sources */,
				84CE6E7F212CBE2900D2E4A7 /* WeatherPresentationViewModel.swift in Sources */,
				84CE6E9C212F65C700D2E4A7 /* WeatherPresentationDescribing.swift in Sources */,
				84CE6EA02130B19F00D2E4A7 /* NetworkErrors.swift in Sources */,
				84CE6E9E212FACAD00D2E4A7 /* WeatherError.swift in Sources */,
				84CE6E6C212C9A0A00D2E4A7 /* WalkThroughViewModel.swift in Sources */,
				84CE6E90212E421A00D2E4A7 /* Coordinate.swift in Sources */,
				84CE6E51212C982F00D2E4A7 /* ViewController.swift in Sources */,
				84CE6E8A212E33FD00D2E4A7 /* WeatherForecast.swift in Sources */,
				84CE6E81212E238C00D2E4A7 /* AuthTokenFetcher.swift in Sources */,
				84CE6E7B212CB1F300D2E4A7 /* URLConstructible.swift in Sources */,
				84CE6E8E212E413A00D2E4A7 /* City.swift in Sources */,
				84CE6E94212E456400D2E4A7 /* Wind.swift in Sources */,
				84CE6E8C212E392500D2E4A7 /* WeatherDay.swift in Sources */,
				84CE6E77212CA4A000D2E4A7 /* RequestBuilder.swift in Sources */,
				84CE6E92212E44A500D2E4A7 /* WeatherMain.swift in Sources */,
				84CE6E4F212C982F00D2E4A7 /* AppDelegate.swift in Sources */,
				84CE6E79212CAD4800D2E4A7 /* URLBuilder.swift in Sources */,
				84CE6E86212E26F900D2E4A7 /* SettingsController.swift in Sources */,
				84CE6E6F212CA0D800D2E4A7 /* NetworkFacade.swift in Sources */,
				84CE6E71212CA0E600D2E4A7 /* WeatherFetcher.swift in Sources */,
			);
			runOnlyForDeploymentPostprocessing = 0;
		};
/* End PBXSourcesBuildPhase section */

/* Begin PBXVariantGroup section */
		84CE6E52212C982F00D2E4A7 /* Main.storyboard */ = {
			isa = PBXVariantGroup;
			children = (
				84CE6E53212C982F00D2E4A7 /* Base */,
			);
			name = Main.storyboard;
			sourceTree = "<group>";
		};
		84CE6E57212C982F00D2E4A7 /* LaunchScreen.storyboard */ = {
			isa = PBXVariantGroup;
			children = (
				84CE6E58212C982F00D2E4A7 /* Base */,
			);
			name = LaunchScreen.storyboard;
			sourceTree = "<group>";
		};
/* End PBXVariantGroup section */

/* Begin XCBuildConfiguration section */
		84CE6E5B212C982F00D2E4A7 /* Debug */ = {
			isa = XCBuildConfiguration;
			buildSettings = {
				ALWAYS_SEARCH_USER_PATHS = NO;
				CLANG_ANALYZER_NONNULL = YES;
				CLANG_ANALYZER_NUMBER_OBJECT_CONVERSION = YES_AGGRESSIVE;
				CLANG_CXX_LANGUAGE_STANDARD = "gnu++14";
				CLANG_CXX_LIBRARY = "libc++";
				CLANG_ENABLE_MODULES = YES;
				CLANG_ENABLE_OBJC_ARC = YES;
				CLANG_ENABLE_OBJC_WEAK = YES;
				CLANG_WARN_BLOCK_CAPTURE_AUTORELEASING = YES;
				CLANG_WARN_BOOL_CONVERSION = YES;
				CLANG_WARN_COMMA = YES;
				CLANG_WARN_CONSTANT_CONVERSION = YES;
				CLANG_WARN_DEPRECATED_OBJC_IMPLEMENTATIONS = YES;
				CLANG_WARN_DIRECT_OBJC_ISA_USAGE = YES_ERROR;
				CLANG_WARN_DOCUMENTATION_COMMENTS = YES;
				CLANG_WARN_EMPTY_BODY = YES;
				CLANG_WARN_ENUM_CONVERSION = YES;
				CLANG_WARN_INFINITE_RECURSION = YES;
				CLANG_WARN_INT_CONVERSION = YES;
				CLANG_WARN_NON_LITERAL_NULL_CONVERSION = YES;
				CLANG_WARN_OBJC_IMPLICIT_RETAIN_SELF = YES;
				CLANG_WARN_OBJC_LITERAL_CONVERSION = YES;
				CLANG_WARN_OBJC_ROOT_CLASS = YES_ERROR;
				CLANG_WARN_RANGE_LOOP_ANALYSIS = YES;
				CLANG_WARN_STRICT_PROTOTYPES = YES;
				CLANG_WARN_SUSPICIOUS_MOVE = YES;
				CLANG_WARN_UNGUARDED_AVAILABILITY = YES_AGGRESSIVE;
				CLANG_WARN_UNREACHABLE_CODE = YES;
				CLANG_WARN__DUPLICATE_METHOD_MATCH = YES;
				CODE_SIGN_IDENTITY = "iPhone Developer";
				COPY_PHASE_STRIP = NO;
				DEBUG_INFORMATION_FORMAT = dwarf;
				ENABLE_STRICT_OBJC_MSGSEND = YES;
				ENABLE_TESTABILITY = YES;
				GCC_C_LANGUAGE_STANDARD = gnu11;
				GCC_DYNAMIC_NO_PIC = NO;
				GCC_NO_COMMON_BLOCKS = YES;
				GCC_OPTIMIZATION_LEVEL = 0;
				GCC_PREPROCESSOR_DEFINITIONS = (
					"DEBUG=1",
					"$(inherited)",
				);
				GCC_WARN_64_TO_32_BIT_CONVERSION = YES;
				GCC_WARN_ABOUT_RETURN_TYPE = YES_ERROR;
				GCC_WARN_UNDECLARED_SELECTOR = YES;
				GCC_WARN_UNINITIALIZED_AUTOS = YES_AGGRESSIVE;
				GCC_WARN_UNUSED_FUNCTION = YES;
				GCC_WARN_UNUSED_VARIABLE = YES;
				IPHONEOS_DEPLOYMENT_TARGET = 11.4;
				MTL_ENABLE_DEBUG_INFO = YES;
				ONLY_ACTIVE_ARCH = YES;
				SDKROOT = iphoneos;
				SWIFT_ACTIVE_COMPILATION_CONDITIONS = DEBUG;
				SWIFT_OPTIMIZATION_LEVEL = "-Onone";
			};
			name = Debug;
		};
		84CE6E5C212C982F00D2E4A7 /* Release */ = {
			isa = XCBuildConfiguration;
			buildSettings = {
				ALWAYS_SEARCH_USER_PATHS = NO;
				CLANG_ANALYZER_NONNULL = YES;
				CLANG_ANALYZER_NUMBER_OBJECT_CONVERSION = YES_AGGRESSIVE;
				CLANG_CXX_LANGUAGE_STANDARD = "gnu++14";
				CLANG_CXX_LIBRARY = "libc++";
				CLANG_ENABLE_MODULES = YES;
				CLANG_ENABLE_OBJC_ARC = YES;
				CLANG_ENABLE_OBJC_WEAK = YES;
				CLANG_WARN_BLOCK_CAPTURE_AUTORELEASING = YES;
				CLANG_WARN_BOOL_CONVERSION = YES;
				CLANG_WARN_COMMA = YES;
				CLANG_WARN_CONSTANT_CONVERSION = YES;
				CLANG_WARN_DEPRECATED_OBJC_IMPLEMENTATIONS = YES;
				CLANG_WARN_DIRECT_OBJC_ISA_USAGE = YES_ERROR;
				CLANG_WARN_DOCUMENTATION_COMMENTS = YES;
				CLANG_WARN_EMPTY_BODY = YES;
				CLANG_WARN_ENUM_CONVERSION = YES;
				CLANG_WARN_INFINITE_RECURSION = YES;
				CLANG_WARN_INT_CONVERSION = YES;
				CLANG_WARN_NON_LITERAL_NULL_CONVERSION = YES;
				CLANG_WARN_OBJC_IMPLICIT_RETAIN_SELF = YES;
				CLANG_WARN_OBJC_LITERAL_CONVERSION = YES;
				CLANG_WARN_OBJC_ROOT_CLASS = YES_ERROR;
				CLANG_WARN_RANGE_LOOP_ANALYSIS = YES;
				CLANG_WARN_STRICT_PROTOTYPES = YES;
				CLANG_WARN_SUSPICIOUS_MOVE = YES;
				CLANG_WARN_UNGUARDED_AVAILABILITY = YES_AGGRESSIVE;
				CLANG_WARN_UNREACHABLE_CODE = YES;
				CLANG_WARN__DUPLICATE_METHOD_MATCH = YES;
				CODE_SIGN_IDENTITY = "iPhone Developer";
				COPY_PHASE_STRIP = NO;
				DEBUG_INFORMATION_FORMAT = "dwarf-with-dsym";
				ENABLE_NS_ASSERTIONS = NO;
				ENABLE_STRICT_OBJC_MSGSEND = YES;
				GCC_C_LANGUAGE_STANDARD = gnu11;
				GCC_NO_COMMON_BLOCKS = YES;
				GCC_WARN_64_TO_32_BIT_CONVERSION = YES;
				GCC_WARN_ABOUT_RETURN_TYPE = YES_ERROR;
				GCC_WARN_UNDECLARED_SELECTOR = YES;
				GCC_WARN_UNINITIALIZED_AUTOS = YES_AGGRESSIVE;
				GCC_WARN_UNUSED_FUNCTION = YES;
				GCC_WARN_UNUSED_VARIABLE = YES;
				IPHONEOS_DEPLOYMENT_TARGET = 11.4;
				MTL_ENABLE_DEBUG_INFO = NO;
				SDKROOT = iphoneos;
				SWIFT_COMPILATION_MODE = wholemodule;
				SWIFT_OPTIMIZATION_LEVEL = "-O";
				VALIDATE_PRODUCT = YES;
			};
			name = Release;
		};
		84CE6E5E212C982F00D2E4A7 /* Debug */ = {
			isa = XCBuildConfiguration;
			buildSettings = {
				ASSETCATALOG_COMPILER_APPICON_NAME = AppIcon;
				CODE_SIGN_STYLE = Automatic;
				INFOPLIST_FILE = WeatherMimic/Info.plist;
				LD_RUNPATH_SEARCH_PATHS = (
					"$(inherited)",
					"@executable_path/Frameworks",
				);
				PRODUCT_BUNDLE_IDENTIFIER = MAC.WeatherMimic;
				PRODUCT_NAME = "$(TARGET_NAME)";
				SWIFT_VERSION = 4.0;
				TARGETED_DEVICE_FAMILY = "1,2";
			};
			name = Debug;
		};
		84CE6E5F212C982F00D2E4A7 /* Release */ = {
			isa = XCBuildConfiguration;
			buildSettings = {
				ASSETCATALOG_COMPILER_APPICON_NAME = AppIcon;
				CODE_SIGN_STYLE = Automatic;
				INFOPLIST_FILE = WeatherMimic/Info.plist;
				LD_RUNPATH_SEARCH_PATHS = (
					"$(inherited)",
					"@executable_path/Frameworks",
				);
				PRODUCT_BUNDLE_IDENTIFIER = MAC.WeatherMimic;
				PRODUCT_NAME = "$(TARGET_NAME)";
				SWIFT_VERSION = 4.0;
				TARGETED_DEVICE_FAMILY = "1,2";
			};
			name = Release;
		};
/* End XCBuildConfiguration section */

/* Begin XCConfigurationList section */
		84CE6E46212C982F00D2E4A7 /* Build configuration list for PBXProject "WeatherMimic" */ = {
			isa = XCConfigurationList;
			buildConfigurations = (
				84CE6E5B212C982F00D2E4A7 /* Debug */,
				84CE6E5C212C982F00D2E4A7 /* Release */,
			);
			defaultConfigurationIsVisible = 0;
			defaultConfigurationName = Release;
		};
		84CE6E5D212C982F00D2E4A7 /* Build configuration list for PBXNativeTarget "WeatherMimic" */ = {
			isa = XCConfigurationList;
			buildConfigurations = (
				84CE6E5E212C982F00D2E4A7 /* Debug */,
				84CE6E5F212C982F00D2E4A7 /* Release */,
			);
			defaultConfigurationIsVisible = 0;
			defaultConfigurationName = Release;
		};
/* End XCConfigurationList section */
	};
	rootObject = 84CE6E43212C982F00D2E4A7 /* Project object */;
}
